
Microsoft Visual Studio Solution File, Format Version 12.00
# Visual Studio Version 17
VisualStudioVersion = 17.9.34723.18
MinimumVisualStudioVersion = 10.0.40219.1
Project("{8BC9CEB8-8B4A-11D0-8D11-00A0C91BC942}") = "ClassWork14", "ClassWork14.vcxproj", "{DCCF7F90-42AA-4B41-A78C-7FF55D5E1D7E}"
EndProject
Global
	GlobalSection(SolutionConfigurationPlatforms) = preSolution
		Debug|x64 = Debug|x64
		Debug|x86 = Debug|x86
		Release|x64 = Release|x64
		Release|x86 = Release|x86
	EndGlobalSection
	GlobalSection(ProjectConfigurationPlatforms) = postSolution
		{DCCF7F90-42AA-4B41-A78C-7FF55D5E1D7E}.Debug|x64.ActiveCfg = Debug|x64
		{DCCF7F90-42AA-4B41-A78C-7FF55D5E1D7E}.Debug|x64.Build.0 = Debug|x64
		{DCCF7F90-42AA-4B41-A78C-7FF55D5E1D7E}.Debug|x86.ActiveCfg = Debug|Win32
		{DCCF7F90-42AA-4B41-A78C-7FF55D5E1D7E}.Debug|x86.Build.0 = Debug|Win32
		{DCCF7F90-42AA-4B41-A78C-7FF55D5E1D7E}.Release|x64.ActiveCfg = Release|x64
		{DCCF7F90-42AA-4B41-A78C-7FF55D5E1D7E}.Release|x64.Build.0 = Release|x64
		{DCCF7F90-42AA-4B41-A78C-7FF55D5E1D7E}.Release|x86.ActiveCfg = Release|Win32
		{DCCF7F90-42AA-4B41-A78C-7FF55D5E1D7E}.Release|x86.Build.0 = Release|Win32
	EndGlobalSection
	GlobalSection(SolutionProperties) = preSolution
		HideSolutionNode = FALSE
	EndGlobalSection
	GlobalSection(ExtensibilityGlobals) = postSolution
		SolutionGuid = {66EFE2E3-31A4-421A-BE3C-AE359DA07A7D}
	EndGlobalSection
EndGlobal
